
Microsoft Visual Studio Solution File, Format Version 12.00
# Visual Studio Version 17
VisualStudioVersion = 17.14.36915.13
MinimumVisualStudioVersion = 10.0.40219.1
Project("{F184B08F-C81C-45F6-A57F-5ABD9991F28F}") = "MahjongGKTileFactoryTester", "MahjongGKTileFactoryTester\MahjongGKTileFactoryTester.vbproj", "{83E787A1-39D5-4ED0-BDFC-67DA6A4DE122}"
EndProject
Project("{F184B08F-C81C-45F6-A57F-5ABD9991F28F}") = "MahjongGK.Contracts", "..\..\MahjongGK\MahjongGK.Contracts\MahjongGK.Contracts.vbproj", "{19CB0E5E-0F74-4DFF-84C8-A6084952E6BA}"
EndProject
Project("{F184B08F-C81C-45F6-A57F-5ABD9991F28F}") = "ColorPickerHsb", "..\ColorPickerHsb\ColorPickerHsb\ColorPickerHsb.vbproj", "{37E4EE9F-921F-479C-AE6B-838CCFDF73D0}"
EndProject
Project("{F184B08F-C81C-45F6-A57F-5ABD9991F28F}") = "TileFactory", "..\..\MahjongGK\TileFactory\TileFactory.vbproj", "{D9EBCB2B-B1D4-4401-B684-24729F4EA1C6}"
EndProject
Global
	GlobalSection(SolutionConfigurationPlatforms) = preSolution
		Debug|Any CPU = Debug|Any CPU
		Release|Any CPU = Release|Any CPU
	EndGlobalSection
	GlobalSection(ProjectConfigurationPlatforms) = postSolution
		{83E787A1-39D5-4ED0-BDFC-67DA6A4DE122}.Debug|Any CPU.ActiveCfg = Debug|Any CPU
		{83E787A1-39D5-4ED0-BDFC-67DA6A4DE122}.Debug|Any CPU.Build.0 = Debug|Any CPU
		{83E787A1-39D5-4ED0-BDFC-67DA6A4DE122}.Release|Any CPU.ActiveCfg = Release|Any CPU
		{83E787A1-39D5-4ED0-BDFC-67DA6A4DE122}.Release|Any CPU.Build.0 = Release|Any CPU
		{19CB0E5E-0F74-4DFF-84C8-A6084952E6BA}.Debug|Any CPU.ActiveCfg = Debug|Any CPU
		{19CB0E5E-0F74-4DFF-84C8-A6084952E6BA}.Debug|Any CPU.Build.0 = Debug|Any CPU
		{19CB0E5E-0F74-4DFF-84C8-A6084952E6BA}.Release|Any CPU.ActiveCfg = Release|Any CPU
		{19CB0E5E-0F74-4DFF-84C8-A6084952E6BA}.Release|Any CPU.Build.0 = Release|Any CPU
		{37E4EE9F-921F-479C-AE6B-838CCFDF73D0}.Debug|Any CPU.ActiveCfg = Debug|Any CPU
		{37E4EE9F-921F-479C-AE6B-838CCFDF73D0}.Debug|Any CPU.Build.0 = Debug|Any CPU
		{37E4EE9F-921F-479C-AE6B-838CCFDF73D0}.Release|Any CPU.ActiveCfg = Release|Any CPU
		{37E4EE9F-921F-479C-AE6B-838CCFDF73D0}.Release|Any CPU.Build.0 = Release|Any CPU
		{D9EBCB2B-B1D4-4401-B684-24729F4EA1C6}.Debug|Any CPU.ActiveCfg = Debug|Any CPU
		{D9EBCB2B-B1D4-4401-B684-24729F4EA1C6}.Debug|Any CPU.Build.0 = Debug|Any CPU
		{D9EBCB2B-B1D4-4401-B684-24729F4EA1C6}.Release|Any CPU.ActiveCfg = Release|Any CPU
		{D9EBCB2B-B1D4-4401-B684-24729F4EA1C6}.Release|Any CPU.Build.0 = Release|Any CPU
	EndGlobalSection
	GlobalSection(SolutionProperties) = preSolution
		HideSolutionNode = FALSE
	EndGlobalSection
	GlobalSection(ExtensibilityGlobals) = postSolution
		SolutionGuid = {243E571C-10B8-4257-B751-5C0CA99C7678}
	EndGlobalSection
EndGlobal
